// !$*UTF8*$!
{
	archiveVersion = 1;
	classes = {
	};
	objectVersion = 46;
	objects = {

/* Begin PBXBuildFile section */
		A728119D1C406F7600C144E9 /* AppDelegate.swift in Sources */ = {isa = PBXBuildFile; fileRef = A728119C1C406F7600C144E9 /* AppDelegate.swift */; };
		A728119F1C406F7600C144E9 /* ViewController.swift in Sources */ = {isa = PBXBuildFile; fileRef = A728119E1C406F7600C144E9 /* ViewController.swift */; };
		A72811A11C406F7600C144E9 /* Assets.xcassets in Resources */ = {isa = PBXBuildFile; fileRef = A72811A01C406F7600C144E9 /* Assets.xcassets */; };
		A72811A41C406F7700C144E9 /* Main.storyboard in Resources */ = {isa = PBXBuildFile; fileRef = A72811A21C406F7700C144E9 /* Main.storyboard */; };
		A72811AF1C406F7700C144E9 /* SwiftyDropboxTests.swift in Sources */ = {isa = PBXBuildFile; fileRef = A72811AE1C406F7700C144E9 /* SwiftyDropboxTests.swift */; };
		A72811E51C409E5C00C144E9 /* ArrayToCountTransformer.swift in Sources */ = {isa = PBXBuildFile; fileRef = A72811E41C409E5C00C144E9 /* ArrayToCountTransformer.swift */; };
		A72811EB1C40A3EF00C144E9 /* DropBoxEntry.swift in Sources */ = {isa = PBXBuildFile; fileRef = A72811EA1C40A3EF00C144E9 /* DropBoxEntry.swift */; };
		A788597F1C40B07C001F013A /* Async.swift in Sources */ = {isa = PBXBuildFile; fileRef = A788596C1C40B07C001F013A /* Async.swift */; };
		A78859801C40B07C001F013A /* Auth.swift in Sources */ = {isa = PBXBuildFile; fileRef = A788596D1C40B07C001F013A /* Auth.swift */; };
		A78859811C40B07C001F013A /* BabelSerializers.swift in Sources */ = {isa = PBXBuildFile; fileRef = A788596E1C40B07C001F013A /* BabelSerializers.swift */; };
		A78859821C40B07C001F013A /* BabelValidators.swift in Sources */ = {isa = PBXBuildFile; fileRef = A788596F1C40B07C001F013A /* BabelValidators.swift */; };
		A78859831C40B07C001F013A /* Client.swift in Sources */ = {isa = PBXBuildFile; fileRef = A78859701C40B07C001F013A /* Client.swift */; };
		A78859841C40B07C001F013A /* DropboxClient.swift in Sources */ = {isa = PBXBuildFile; fileRef = A78859711C40B07C001F013A /* DropboxClient.swift */; };
		A78859851C40B07C001F013A /* DropboxUtil.swift in Sources */ = {isa = PBXBuildFile; fileRef = A78859721C40B07C001F013A /* DropboxUtil.swift */; };
		A78859861C40B07C001F013A /* Files.swift in Sources */ = {isa = PBXBuildFile; fileRef = A78859731C40B07C001F013A /* Files.swift */; };
		A78859871C40B07C001F013A /* FilesRoutes.swift in Sources */ = {isa = PBXBuildFile; fileRef = A78859741C40B07C001F013A /* FilesRoutes.swift */; };
		A78859881C40B07C001F013A /* Info.plist in Resources */ = {isa = PBXBuildFile; fileRef = A78859751C40B07C001F013A /* Info.plist */; };
		A78859891C40B07C001F013A /* PlatformSpecificExtensions.swift in Sources */ = {isa = PBXBuildFile; fileRef = A78859761C40B07C001F013A /* PlatformSpecificExtensions.swift */; };
		A788598A1C40B07C001F013A /* SecurityUtil.m in Sources */ = {isa = PBXBuildFile; fileRef = A78859781C40B07C001F013A /* SecurityUtil.m */; };
		A788598B1C40B07C001F013A /* Sharing.swift in Sources */ = {isa = PBXBuildFile; fileRef = A78859791C40B07C001F013A /* Sharing.swift */; };
		A788598C1C40B07C001F013A /* SharingRoutes.swift in Sources */ = {isa = PBXBuildFile; fileRef = A788597A1C40B07C001F013A /* SharingRoutes.swift */; };
		A788598D1C40B07C001F013A /* Team.swift in Sources */ = {isa = PBXBuildFile; fileRef = A788597C1C40B07C001F013A /* Team.swift */; };
		A788598E1C40B07C001F013A /* Users.swift in Sources */ = {isa = PBXBuildFile; fileRef = A788597D1C40B07C001F013A /* Users.swift */; };
		A788598F1C40B07C001F013A /* UsersRoutes.swift in Sources */ = {isa = PBXBuildFile; fileRef = A788597E1C40B07C001F013A /* UsersRoutes.swift */; };
		A78859941C4131A5001F013A /* Alamofire.framework in Frameworks */ = {isa = PBXBuildFile; fileRef = A78859911C412ED8001F013A /* Alamofire.framework */; };
		A78859951C4131A5001F013A /* Alamofire.framework in Embed Frameworks */ = {isa = PBXBuildFile; fileRef = A78859911C412ED8001F013A /* Alamofire.framework */; settings = {ATTRIBUTES = (CodeSignOnCopy, RemoveHeadersOnCopy, ); }; };
		A78859981C428F48001F013A /* DropboxConnectController.swift in Sources */ = {isa = PBXBuildFile; fileRef = A78859971C428F48001F013A /* DropboxConnectController.swift */; };
/* End PBXBuildFile section */

/* Begin PBXContainerItemProxy section */
		A72811AB1C406F7700C144E9 /* PBXContainerItemProxy */ = {
			isa = PBXContainerItemProxy;
			containerPortal = A72811911C406F7600C144E9 /* Project object */;
			proxyType = 1;
			remoteGlobalIDString = A72811981C406F7600C144E9;
			remoteInfo = SwiftyDropbox;
		};
/* End PBXContainerItemProxy section */

/* Begin PBXCopyFilesBuildPhase section */
		A78859961C4131A5001F013A /* Embed Frameworks */ = {
			isa = PBXCopyFilesBuildPhase;
			buildActionMask = 2147483647;
			dstPath = "";
			dstSubfolderSpec = 10;
			files = (
				A78859951C4131A5001F013A /* Alamofire.framework in Embed Frameworks */,
			);
			name = "Embed Frameworks";
			runOnlyForDeploymentPostprocessing = 0;
		};
/* End PBXCopyFilesBuildPhase section */

/* Begin PBXFileReference section */
		A72811991C406F7600C144E9 /* SwiftyDropbox.app */ = {isa = PBXFileReference; explicitFileType = wrapper.application; includeInIndex = 0; path = SwiftyDropbox.app; sourceTree = BUILT_PRODUCTS_DIR; };
		A728119C1C406F7600C144E9 /* AppDelegate.swift */ = {isa = PBXFileReference; lastKnownFileType = sourcecode.swift; path = AppDelegate.swift; sourceTree = "<group>"; };
		A728119E1C406F7600C144E9 /* ViewController.swift */ = {isa = PBXFileReference; lastKnownFileType = sourcecode.swift; path = ViewController.swift; sourceTree = "<group>"; };
		A72811A01C406F7600C144E9 /* Assets.xcassets */ = {isa = PBXFileReference; lastKnownFileType = folder.assetcatalog; path = Assets.xcassets; sourceTree = "<group>"; };
		A72811A31C406F7700C144E9 /* Base */ = {isa = PBXFileReference; lastKnownFileType = file.storyboard; name = Base; path = Base.lproj/Main.storyboard; sourceTree = "<group>"; };
		A72811A51C406F7700C144E9 /* Info.plist */ = {isa = PBXFileReference; lastKnownFileType = text.plist.xml; path = Info.plist; sourceTree = "<group>"; };
		A72811AA1C406F7700C144E9 /* SwiftyDropboxTests.xctest */ = {isa = PBXFileReference; explicitFileType = wrapper.cfbundle; includeInIndex = 0; path = SwiftyDropboxTests.xctest; sourceTree = BUILT_PRODUCTS_DIR; };
		A72811AE1C406F7700C144E9 /* SwiftyDropboxTests.swift */ = {isa = PBXFileReference; lastKnownFileType = sourcecode.swift; path = SwiftyDropboxTests.swift; sourceTree = "<group>"; };
		A72811B01C406F7700C144E9 /* Info.plist */ = {isa = PBXFileReference; lastKnownFileType = text.plist.xml; path = Info.plist; sourceTree = "<group>"; };
		A72811E41C409E5C00C144E9 /* ArrayToCountTransformer.swift */ = {isa = PBXFileReference; fileEncoding = 4; lastKnownFileType = sourcecode.swift; path = ArrayToCountTransformer.swift; sourceTree = "<group>"; };
		A72811EA1C40A3EF00C144E9 /* DropBoxEntry.swift */ = {isa = PBXFileReference; fileEncoding = 4; lastKnownFileType = sourcecode.swift; path = DropBoxEntry.swift; sourceTree = "<group>"; };
		A788596C1C40B07C001F013A /* Async.swift */ = {isa = PBXFileReference; fileEncoding = 4; lastKnownFileType = sourcecode.swift; path = Async.swift; sourceTree = "<group>"; };
		A788596D1C40B07C001F013A /* Auth.swift */ = {isa = PBXFileReference; fileEncoding = 4; lastKnownFileType = sourcecode.swift; path = Auth.swift; sourceTree = "<group>"; };
		A788596E1C40B07C001F013A /* BabelSerializers.swift */ = {isa = PBXFileReference; fileEncoding = 4; lastKnownFileType = sourcecode.swift; path = BabelSerializers.swift; sourceTree = "<group>"; };
		A788596F1C40B07C001F013A /* BabelValidators.swift */ = {isa = PBXFileReference; fileEncoding = 4; lastKnownFileType = sourcecode.swift; path = BabelValidators.swift; sourceTree = "<group>"; };
		A78859701C40B07C001F013A /* Client.swift */ = {isa = PBXFileReference; fileEncoding = 4; lastKnownFileType = sourcecode.swift; path = Client.swift; sourceTree = "<group>"; };
		A78859711C40B07C001F013A /* DropboxClient.swift */ = {isa = PBXFileReference; fileEncoding = 4; lastKnownFileType = sourcecode.swift; path = DropboxClient.swift; sourceTree = "<group>"; };
		A78859721C40B07C001F013A /* DropboxUtil.swift */ = {isa = PBXFileReference; fileEncoding = 4; lastKnownFileType = sourcecode.swift; path = DropboxUtil.swift; sourceTree = "<group>"; };
		A78859731C40B07C001F013A /* Files.swift */ = {isa = PBXFileReference; fileEncoding = 4; lastKnownFileType = sourcecode.swift; path = Files.swift; sourceTree = "<group>"; };
		A78859741C40B07C001F013A /* FilesRoutes.swift */ = {isa = PBXFileReference; fileEncoding = 4; lastKnownFileType = sourcecode.swift; path = FilesRoutes.swift; sourceTree = "<group>"; };
		A78859751C40B07C001F013A /* Info.plist */ = {isa = PBXFileReference; fileEncoding = 4; lastKnownFileType = text.plist.xml; path = Info.plist; sourceTree = "<group>"; };
		A78859761C40B07C001F013A /* PlatformSpecificExtensions.swift */ = {isa = PBXFileReference; fileEncoding = 4; lastKnownFileType = sourcecode.swift; path = PlatformSpecificExtensions.swift; sourceTree = "<group>"; };
		A78859771C40B07C001F013A /* SecurityUtil.h */ = {isa = PBXFileReference; fileEncoding = 4; lastKnownFileType = sourcecode.c.h; path = SecurityUtil.h; sourceTree = "<group>"; };
		A78859781C40B07C001F013A /* SecurityUtil.m */ = {isa = PBXFileReference; fileEncoding = 4; lastKnownFileType = sourcecode.c.objc; path = SecurityUtil.m; sourceTree = "<group>"; };
		A78859791C40B07C001F013A /* Sharing.swift */ = {isa = PBXFileReference; fileEncoding = 4; lastKnownFileType = sourcecode.swift; path = Sharing.swift; sourceTree = "<group>"; };
		A788597A1C40B07C001F013A /* SharingRoutes.swift */ = {isa = PBXFileReference; fileEncoding = 4; lastKnownFileType = sourcecode.swift; path = SharingRoutes.swift; sourceTree = "<group>"; };
		A788597B1C40B07C001F013A /* SwiftyDropbox.h */ = {isa = PBXFileReference; fileEncoding = 4; lastKnownFileType = sourcecode.c.h; path = SwiftyDropbox.h; sourceTree = "<group>"; };
		A788597C1C40B07C001F013A /* Team.swift */ = {isa = PBXFileReference; fileEncoding = 4; lastKnownFileType = sourcecode.swift; path = Team.swift; sourceTree = "<group>"; };
		A788597D1C40B07C001F013A /* Users.swift */ = {isa = PBXFileReference; fileEncoding = 4; lastKnownFileType = sourcecode.swift; path = Users.swift; sourceTree = "<group>"; };
		A788597E1C40B07C001F013A /* UsersRoutes.swift */ = {isa = PBXFileReference; fileEncoding = 4; lastKnownFileType = sourcecode.swift; path = UsersRoutes.swift; sourceTree = "<group>"; };
		A78859911C412ED8001F013A /* Alamofire.framework */ = {isa = PBXFileReference; lastKnownFileType = wrapper.framework; name = Alamofire.framework; path = Dependencies/Alamofire.framework; sourceTree = "<group>"; };
		A78859931C412F53001F013A /* SwiftyDropbox-BridgingHeader.h */ = {isa = PBXFileReference; lastKnownFileType = sourcecode.c.h; name = "SwiftyDropbox-BridgingHeader.h"; path = "SwiftyDropbox/SwiftyDropbox-BridgingHeader.h"; sourceTree = SOURCE_ROOT; };
		A78859971C428F48001F013A /* DropboxConnectController.swift */ = {isa = PBXFileReference; fileEncoding = 4; lastKnownFileType = sourcecode.swift; path = DropboxConnectController.swift; sourceTree = "<group>"; };
/* End PBXFileReference section */

/* Begin PBXFrameworksBuildPhase section */
		A72811961C406F7600C144E9 /* Frameworks */ = {
			isa = PBXFrameworksBuildPhase;
			buildActionMask = 2147483647;
			files = (
				A78859941C4131A5001F013A /* Alamofire.framework in Frameworks */,
			);
			runOnlyForDeploymentPostprocessing = 0;
		};
		A72811A71C406F7700C144E9 /* Frameworks */ = {
			isa = PBXFrameworksBuildPhase;
			buildActionMask = 2147483647;
			files = (
			);
			runOnlyForDeploymentPostprocessing = 0;
		};
/* End PBXFrameworksBuildPhase section */

/* Begin PBXGroup section */
		2589A0348FCF49BEEF4359FD /* Frameworks */ = {
			isa = PBXGroup;
			children = (
				A78859911C412ED8001F013A /* Alamofire.framework */,
			);
			name = Frameworks;
			sourceTree = "<group>";
		};
		A72811901C406F7600C144E9 = {
			isa = PBXGroup;
			children = (
				A788596B1C40B07C001F013A /* Source */,
				A728119B1C406F7600C144E9 /* SwiftyDropbox */,
				A72811AD1C406F7700C144E9 /* SwiftyDropboxTests */,
				A728119A1C406F7600C144E9 /* Products */,
				2589A0348FCF49BEEF4359FD /* Frameworks */,
			);
			sourceTree = "<group>";
		};
		A728119A1C406F7600C144E9 /* Products */ = {
			isa = PBXGroup;
			children = (
				A72811991C406F7600C144E9 /* SwiftyDropbox.app */,
				A72811AA1C406F7700C144E9 /* SwiftyDropboxTests.xctest */,
			);
			name = Products;
			sourceTree = "<group>";
		};
		A728119B1C406F7600C144E9 /* SwiftyDropbox */ = {
			isa = PBXGroup;
			children = (
				A78859931C412F53001F013A /* SwiftyDropbox-BridgingHeader.h */,
				A728119C1C406F7600C144E9 /* AppDelegate.swift */,
				A728119E1C406F7600C144E9 /* ViewController.swift */,
				A72811EA1C40A3EF00C144E9 /* DropBoxEntry.swift */,
				A72811E31C409E4C00C144E9 /* Transformers */,
				A72811A01C406F7600C144E9 /* Assets.xcassets */,
				A72811A21C406F7700C144E9 /* Main.storyboard */,
				A72811A51C406F7700C144E9 /* Info.plist */,
			);
			path = SwiftyDropbox;
			sourceTree = "<group>";
		};
		A72811AD1C406F7700C144E9 /* SwiftyDropboxTests */ = {
			isa = PBXGroup;
			children = (
				A72811AE1C406F7700C144E9 /* SwiftyDropboxTests.swift */,
				A72811B01C406F7700C144E9 /* Info.plist */,
			);
			path = SwiftyDropboxTests;
			sourceTree = "<group>";
		};
		A72811E31C409E4C00C144E9 /* Transformers */ = {
			isa = PBXGroup;
			children = (
				A72811E41C409E5C00C144E9 /* ArrayToCountTransformer.swift */,
			);
			path = Transformers;
			sourceTree = "<group>";
		};
		A788596B1C40B07C001F013A /* Source */ = {
			isa = PBXGroup;
			children = (
				A788596C1C40B07C001F013A /* Async.swift */,
				A788596D1C40B07C001F013A /* Auth.swift */,
				A788596E1C40B07C001F013A /* BabelSerializers.swift */,
				A788596F1C40B07C001F013A /* BabelValidators.swift */,
				A78859701C40B07C001F013A /* Client.swift */,
				A78859711C40B07C001F013A /* DropboxClient.swift */,
				A78859721C40B07C001F013A /* DropboxUtil.swift */,
				A78859731C40B07C001F013A /* Files.swift */,
				A78859741C40B07C001F013A /* FilesRoutes.swift */,
				A78859751C40B07C001F013A /* Info.plist */,
				A78859761C40B07C001F013A /* PlatformSpecificExtensions.swift */,
				A78859771C40B07C001F013A /* SecurityUtil.h */,
				A78859781C40B07C001F013A /* SecurityUtil.m */,
				A78859791C40B07C001F013A /* Sharing.swift */,
				A788597A1C40B07C001F013A /* SharingRoutes.swift */,
				A788597B1C40B07C001F013A /* SwiftyDropbox.h */,
				A788597C1C40B07C001F013A /* Team.swift */,
				A788597D1C40B07C001F013A /* Users.swift */,
				A788597E1C40B07C001F013A /* UsersRoutes.swift */,
				A78859971C428F48001F013A /* DropboxConnectController.swift */,
			);
			path = Source;
			sourceTree = "<group>";
		};
/* End PBXGroup section */

/* Begin PBXNativeTarget section */
		A72811981C406F7600C144E9 /* SwiftyDropbox */ = {
			isa = PBXNativeTarget;
			buildConfigurationList = A72811B31C406F7700C144E9 /* Build configuration list for PBXNativeTarget "SwiftyDropbox" */;
			buildPhases = (
				A72811951C406F7600C144E9 /* Sources */,
				A72811961C406F7600C144E9 /* Frameworks */,
				A72811971C406F7600C144E9 /* Resources */,
				A78859961C4131A5001F013A /* Embed Frameworks */,
			);
			buildRules = (
			);
			dependencies = (
			);
			name = SwiftyDropbox;
			productName = SwiftyDropbox;
			productReference = A72811991C406F7600C144E9 /* SwiftyDropbox.app */;
			productType = "com.apple.product-type.application";
		};
		A72811A91C406F7700C144E9 /* SwiftyDropboxTests */ = {
			isa = PBXNativeTarget;
			buildConfigurationList = A72811B61C406F7700C144E9 /* Build configuration list for PBXNativeTarget "SwiftyDropboxTests" */;
			buildPhases = (
				A72811A61C406F7700C144E9 /* Sources */,
				A72811A71C406F7700C144E9 /* Frameworks */,
				A72811A81C406F7700C144E9 /* Resources */,
			);
			buildRules = (
			);
			dependencies = (
				A72811AC1C406F7700C144E9 /* PBXTargetDependency */,
			);
			name = SwiftyDropboxTests;
			productName = SwiftyDropboxTests;
			productReference = A72811AA1C406F7700C144E9 /* SwiftyDropboxTests.xctest */;
			productType = "com.apple.product-type.bundle.unit-test";
		};
/* End PBXNativeTarget section */

/* Begin PBXProject section */
		A72811911C406F7600C144E9 /* Project object */ = {
			isa = PBXProject;
			attributes = {
				LastSwiftUpdateCheck = 0710;
				LastUpgradeCheck = 0710;
				ORGANIZATIONNAME = Home;
				TargetAttributes = {
					A72811981C406F7600C144E9 = {
						CreatedOnToolsVersion = 7.1;
					};
					A72811A91C406F7700C144E9 = {
						CreatedOnToolsVersion = 7.1;
						TestTargetID = A72811981C406F7600C144E9;
					};
				};
			};
			buildConfigurationList = A72811941C406F7600C144E9 /* Build configuration list for PBXProject "SwiftyDropbox" */;
			compatibilityVersion = "Xcode 3.2";
			developmentRegion = English;
			hasScannedForEncodings = 0;
			knownRegions = (
				en,
				Base,
			);
			mainGroup = A72811901C406F7600C144E9;
			productRefGroup = A728119A1C406F7600C144E9 /* Products */;
			projectDirPath = "";
			projectRoot = "";
			targets = (
				A72811981C406F7600C144E9 /* SwiftyDropbox */,
				A72811A91C406F7700C144E9 /* SwiftyDropboxTests */,
			);
		};
/* End PBXProject section */

/* Begin PBXResourcesBuildPhase section */
		A72811971C406F7600C144E9 /* Resources */ = {
			isa = PBXResourcesBuildPhase;
			buildActionMask = 2147483647;
			files = (
				A72811A11C406F7600C144E9 /* Assets.xcassets in Resources */,
				A72811A41C406F7700C144E9 /* Main.storyboard in Resources */,
				A78859881C40B07C001F013A /* Info.plist in Resources */,
			);
			runOnlyForDeploymentPostprocessing = 0;
		};
		A72811A81C406F7700C144E9 /* Resources */ = {
			isa = PBXResourcesBuildPhase;
			buildActionMask = 2147483647;
			files = (
			);
			runOnlyForDeploymentPostprocessing = 0;
		};
/* End PBXResourcesBuildPhase section */

/* Begin PBXSourcesBuildPhase section */
		A72811951C406F7600C144E9 /* Sources */ = {
			isa = PBXSourcesBuildPhase;
			buildActionMask = 2147483647;
			files = (
				A788598D1C40B07C001F013A /* Team.swift in Sources */,
				A728119F1C406F7600C144E9 /* ViewController.swift in Sources */,
				A78859981C428F48001F013A /* DropboxConnectController.swift in Sources */,
				A78859811C40B07C001F013A /* BabelSerializers.swift in Sources */,
				A78859871C40B07C001F013A /* FilesRoutes.swift in Sources */,
				A72811EB1C40A3EF00C144E9 /* DropBoxEntry.swift in Sources */,
				A788598E1C40B07C001F013A /* Users.swift in Sources */,
				A788598B1C40B07C001F013A /* Sharing.swift in Sources */,
				A78859851C40B07C001F013A /* DropboxUtil.swift in Sources */,
				A788598F1C40B07C001F013A /* UsersRoutes.swift in Sources */,
				A78859841C40B07C001F013A /* DropboxClient.swift in Sources */,
				A78859891C40B07C001F013A /* PlatformSpecificExtensions.swift in Sources */,
				A78859861C40B07C001F013A /* Files.swift in Sources */,
				A72811E51C409E5C00C144E9 /* ArrayToCountTransformer.swift in Sources */,
				A788598C1C40B07C001F013A /* SharingRoutes.swift in Sources */,
				A788597F1C40B07C001F013A /* Async.swift in Sources */,
				A728119D1C406F7600C144E9 /* AppDelegate.swift in Sources */,
				A78859801C40B07C001F013A /* Auth.swift in Sources */,
				A78859821C40B07C001F013A /* BabelValidators.swift in Sources */,
				A788598A1C40B07C001F013A /* SecurityUtil.m in Sources */,
				A78859831C40B07C001F013A /* Client.swift in Sources */,
			);
			runOnlyForDeploymentPostprocessing = 0;
		};
		A72811A61C406F7700C144E9 /* Sources */ = {
			isa = PBXSourcesBuildPhase;
			buildActionMask = 2147483647;
			files = (
				A72811AF1C406F7700C144E9 /* SwiftyDropboxTests.swift in Sources */,
			);
			runOnlyForDeploymentPostprocessing = 0;
		};
/* End PBXSourcesBuildPhase section */

/* Begin PBXTargetDependency section */
		A72811AC1C406F7700C144E9 /* PBXTargetDependency */ = {
			isa = PBXTargetDependency;
			target = A72811981C406F7600C144E9 /* SwiftyDropbox */;
			targetProxy = A72811AB1C406F7700C144E9 /* PBXContainerItemProxy */;
		};
/* End PBXTargetDependency section */

/* Begin PBXVariantGroup section */
		A72811A21C406F7700C144E9 /* Main.storyboard */ = {
			isa = PBXVariantGroup;
			children = (
				A72811A31C406F7700C144E9 /* Base */,
			);
			name = Main.storyboard;
			sourceTree = "<group>";
		};
/* End PBXVariantGroup section */

/* Begin XCBuildConfiguration section */
		A72811B11C406F7700C144E9 /* Debug */ = {
			isa = XCBuildConfiguration;
			buildSettings = {
				ALWAYS_SEARCH_USER_PATHS = NO;
				CLANG_CXX_LANGUAGE_STANDARD = "gnu++0x";
				CLANG_CXX_LIBRARY = "libc++";
				CLANG_ENABLE_MODULES = YES;
				CLANG_ENABLE_OBJC_ARC = YES;
				CLANG_WARN_BOOL_CONVERSION = YES;
				CLANG_WARN_CONSTANT_CONVERSION = YES;
				CLANG_WARN_DIRECT_OBJC_ISA_USAGE = YES_ERROR;
				CLANG_WARN_EMPTY_BODY = YES;
				CLANG_WARN_ENUM_CONVERSION = YES;
				CLANG_WARN_INT_CONVERSION = YES;
				CLANG_WARN_OBJC_ROOT_CLASS = YES_ERROR;
				CLANG_WARN_UNREACHABLE_CODE = YES;
				CLANG_WARN__DUPLICATE_METHOD_MATCH = YES;
				CODE_SIGN_IDENTITY = "-";
				COPY_PHASE_STRIP = NO;
				DEBUG_INFORMATION_FORMAT = dwarf;
				ENABLE_STRICT_OBJC_MSGSEND = YES;
				ENABLE_TESTABILITY = YES;
				GCC_C_LANGUAGE_STANDARD = gnu99;
				GCC_DYNAMIC_NO_PIC = NO;
				GCC_NO_COMMON_BLOCKS = YES;
				GCC_OPTIMIZATION_LEVEL = 0;
				GCC_PREPROCESSOR_DEFINITIONS = (
					"DEBUG=1",
					"$(inherited)",
				);
				GCC_WARN_64_TO_32_BIT_CONVERSION = YES;
				GCC_WARN_ABOUT_RETURN_TYPE = YES_ERROR;
				GCC_WARN_UNDECLARED_SELECTOR = YES;
				GCC_WARN_UNINITIALIZED_AUTOS = YES_AGGRESSIVE;
				GCC_WARN_UNUSED_FUNCTION = YES;
				GCC_WARN_UNUSED_VARIABLE = YES;
				MACOSX_DEPLOYMENT_TARGET = 10.11;
				MTL_ENABLE_DEBUG_INFO = YES;
				ONLY_ACTIVE_ARCH = YES;
				SDKROOT = macosx;
				SWIFT_OPTIMIZATION_LEVEL = "-Onone";
			};
			name = Debug;
		};
		A72811B21C406F7700C144E9 /* Release */ = {
			isa = XCBuildConfiguration;
			buildSettings = {
				ALWAYS_SEARCH_USER_PATHS = NO;
				CLANG_CXX_LANGUAGE_STANDARD = "gnu++0x";
				CLANG_CXX_LIBRARY = "libc++";
				CLANG_ENABLE_MODULES = YES;
				CLANG_ENABLE_OBJC_ARC = YES;
				CLANG_WARN_BOOL_CONVERSION = YES;
				CLANG_WARN_CONSTANT_CONVERSION = YES;
				CLANG_WARN_DIRECT_OBJC_ISA_USAGE = YES_ERROR;
				CLANG_WARN_EMPTY_BODY = YES;
				CLANG_WARN_ENUM_CONVERSION = YES;
				CLANG_WARN_INT_CONVERSION = YES;
				CLANG_WARN_OBJC_ROOT_CLASS = YES_ERROR;
				CLANG_WARN_UNREACHABLE_CODE = YES;
				CLANG_WARN__DUPLICATE_METHOD_MATCH = YES;
				CODE_SIGN_IDENTITY = "-";
				COPY_PHASE_STRIP = NO;
				DEBUG_INFORMATION_FORMAT = "dwarf-with-dsym";
				ENABLE_NS_ASSERTIONS = NO;
				ENABLE_STRICT_OBJC_MSGSEND = YES;
				GCC_C_LANGUAGE_STANDARD = gnu99;
				GCC_NO_COMMON_BLOCKS = YES;
				GCC_WARN_64_TO_32_BIT_CONVERSION = YES;
				GCC_WARN_ABOUT_RETURN_TYPE = YES_ERROR;
				GCC_WARN_UNDECLARED_SELECTOR = YES;
				GCC_WARN_UNINITIALIZED_AUTOS = YES_AGGRESSIVE;
				GCC_WARN_UNUSED_FUNCTION = YES;
				GCC_WARN_UNUSED_VARIABLE = YES;
				MACOSX_DEPLOYMENT_TARGET = 10.11;
				MTL_ENABLE_DEBUG_INFO = NO;
				SDKROOT = macosx;
			};
			name = Release;
		};
		A72811B41C406F7700C144E9 /* Debug */ = {
			isa = XCBuildConfiguration;
			buildSettings = {
				ASSETCATALOG_COMPILER_APPICON_NAME = AppIcon;
				COMBINE_HIDPI_IMAGES = YES;
				FRAMEWORK_SEARCH_PATHS = (
					"$(inherited)",
					"$(PROJECT_DIR)/Dependencies",
				);
				INFOPLIST_FILE = SwiftyDropbox/Info.plist;
				LD_RUNPATH_SEARCH_PATHS = "$(inherited) @executable_path/../Frameworks";
				PRODUCT_BUNDLE_IDENTIFIER = com.home.flashCloudInstaller.SwiftyDropbox;
				PRODUCT_NAME = "$(TARGET_NAME)";
				SWIFT_OBJC_BRIDGING_HEADER = "SwiftyDropbox/SwiftyDropbox-BridgingHeader.h";
			};
			name = Debug;
		};
		A72811B51C406F7700C144E9 /* Release */ = {
			isa = XCBuildConfiguration;
			buildSettings = {
				ASSETCATALOG_COMPILER_APPICON_NAME = AppIcon;
				COMBINE_HIDPI_IMAGES = YES;
				FRAMEWORK_SEARCH_PATHS = (
					"$(inherited)",
					"$(PROJECT_DIR)/Dependencies",
				);
				INFOPLIST_FILE = SwiftyDropbox/Info.plist;
				LD_RUNPATH_SEARCH_PATHS = "$(inherited) @executable_path/../Frameworks";
				PRODUCT_BUNDLE_IDENTIFIER = com.home.flashCloudInstaller.SwiftyDropbox;
				PRODUCT_NAME = "$(TARGET_NAME)";
				SWIFT_OBJC_BRIDGING_HEADER = "SwiftyDropbox/SwiftyDropbox-BridgingHeader.h";
			};
			name = Release;
		};
		A72811B71C406F7700C144E9 /* Debug */ = {
			isa = XCBuildConfiguration;
			buildSettings = {
				BUNDLE_LOADER = "$(TEST_HOST)";
				COMBINE_HIDPI_IMAGES = YES;
				INFOPLIST_FILE = SwiftyDropboxTests/Info.plist;
				LD_RUNPATH_SEARCH_PATHS = "$(inherited) @executable_path/../Frameworks @loader_path/../Frameworks";
				PRODUCT_BUNDLE_IDENTIFIER = com.home.flashCloudInstaller.SwiftyDropboxTests;
				PRODUCT_NAME = "$(TARGET_NAME)";
				TEST_HOST = "$(BUILT_PRODUCTS_DIR)/SwiftyDropbox.app/Contents/MacOS/SwiftyDropbox";
			};
			name = Debug;
		};
		A72811B81C406F7700C144E9 /* Release */ = {
			isa = XCBuildConfiguration;
			buildSettings = {
				BUNDLE_LOADER = "$(TEST_HOST)";
				COMBINE_HIDPI_IMAGES = YES;
				INFOPLIST_FILE = SwiftyDropboxTests/Info.plist;
				LD_RUNPATH_SEARCH_PATHS = "$(inherited) @executable_path/../Frameworks @loader_path/../Frameworks";
				PRODUCT_BUNDLE_IDENTIFIER = com.home.flashCloudInstaller.SwiftyDropboxTests;
				PRODUCT_NAME = "$(TARGET_NAME)";
				TEST_HOST = "$(BUILT_PRODUCTS_DIR)/SwiftyDropbox.app/Contents/MacOS/SwiftyDropbox";
			};
			name = Release;
		};
/* End XCBuildConfiguration section */

/* Begin XCConfigurationList section */
		A72811941C406F7600C144E9 /* Build configuration list for PBXProject "SwiftyDropbox" */ = {
			isa = XCConfigurationList;
			buildConfigurations = (
				A72811B11C406F7700C144E9 /* Debug */,
				A72811B21C406F7700C144E9 /* Release */,
			);
			defaultConfigurationIsVisible = 0;
			defaultConfigurationName = Release;
		};
		A72811B31C406F7700C144E9 /* Build configuration list for PBXNativeTarget "SwiftyDropbox" */ = {
			isa = XCConfigurationList;
			buildConfigurations = (
				A72811B41C406F7700C144E9 /* Debug */,
				A72811B51C406F7700C144E9 /* Release */,
			);
			defaultConfigurationIsVisible = 0;
			defaultConfigurationName = Release;
		};
		A72811B61C406F7700C144E9 /* Build configuration list for PBXNativeTarget "SwiftyDropboxTests" */ = {
			isa = XCConfigurationList;
			buildConfigurations = (
				A72811B71C406F7700C144E9 /* Debug */,
				A72811B81C406F7700C144E9 /* Release */,
			);
			defaultConfigurationIsVisible = 0;
			defaultConfigurationName = Release;
		};
/* End XCConfigurationList section */
	};
	rootObject = A72811911C406F7600C144E9 /* Project object */;
}
