// !$*UTF8*$!
{
	archiveVersion = 1;
	classes = {
	};
	objectVersion = 46;
	objects = {

/* Begin PBXBuildFile section */
		A728119D1C406F7600C144E9 /* AppDelegate.swift in Sources */ = {isa = PBXBuildFile; fileRef = A728119C1C406F7600C144E9 /* AppDelegate.swift */; };
		A728119F1C406F7600C144E9 /* ViewController.swift in Sources */ = {isa = PBXBuildFile; fileRef = A728119E1C406F7600C144E9 /* ViewController.swift */; };
		A72811A11C406F7600C144E9 /* Assets.xcassets in Resources */ = {isa = PBXBuildFile; fileRef = A72811A01C406F7600C144E9 /* Assets.xcassets */; };
		A72811A41C406F7700C144E9 /* Main.storyboard in Resources */ = {isa = PBXBuildFile; fileRef = A72811A21C406F7700C144E9 /* Main.storyboard */; };
		A72811E51C409E5C00C144E9 /* ArrayToCountTransformer.swift in Sources */ = {isa = PBXBuildFile; fileRef = A72811E41C409E5C00C144E9 /* ArrayToCountTransformer.swift */; };
		A72811EB1C40A3EF00C144E9 /* DropBoxEntry.swift in Sources */ = {isa = PBXBuildFile; fileRef = A72811EA1C40A3EF00C144E9 /* DropBoxEntry.swift */; };
		A788597F1C40B07C001F013A /* Async.swift in Sources */ = {isa = PBXBuildFile; fileRef = A788596C1C40B07C001F013A /* Async.swift */; };
		A78859801C40B07C001F013A /* Auth.swift in Sources */ = {isa = PBXBuildFile; fileRef = A788596D1C40B07C001F013A /* Auth.swift */; };
		A78859811C40B07C001F013A /* BabelSerializers.swift in Sources */ = {isa = PBXBuildFile; fileRef = A788596E1C40B07C001F013A /* BabelSerializers.swift */; };
		A78859821C40B07C001F013A /* BabelValidators.swift in Sources */ = {isa = PBXBuildFile; fileRef = A788596F1C40B07C001F013A /* BabelValidators.swift */; };
		A78859831C40B07C001F013A /* Client.swift in Sources */ = {isa = PBXBuildFile; fileRef = A78859701C40B07C001F013A /* Client.swift */; };
		A78859841C40B07C001F013A /* DropboxClient.swift in Sources */ = {isa = PBXBuildFile; fileRef = A78859711C40B07C001F013A /* DropboxClient.swift */; };
		A78859851C40B07C001F013A /* DropboxUtil.swift in Sources */ = {isa = PBXBuildFile; fileRef = A78859721C40B07C001F013A /* DropboxUtil.swift */; };
		A78859861C40B07C001F013A /* Files.swift in Sources */ = {isa = PBXBuildFile; fileRef = A78859731C40B07C001F013A /* Files.swift */; };
		A78859871C40B07C001F013A /* FilesRoutes.swift in Sources */ = {isa = PBXBuildFile; fileRef = A78859741C40B07C001F013A /* FilesRoutes.swift */; };
		A78859881C40B07C001F013A /* Info.plist in Resources */ = {isa = PBXBuildFile; fileRef = A78859751C40B07C001F013A /* Info.plist */; };
		A78859891C40B07C001F013A /* PlatformSpecificExtensions.swift in Sources */ = {isa = PBXBuildFile; fileRef = A78859761C40B07C001F013A /* PlatformSpecificExtensions.swift */; };
		A788598A1C40B07C001F013A /* SecurityUtil.m in Sources */ = {isa = PBXBuildFile; fileRef = A78859781C40B07C001F013A /* SecurityUtil.m */; };
		A788598B1C40B07C001F013A /* Sharing.swift in Sources */ = {isa = PBXBuildFile; fileRef = A78859791C40B07C001F013A /* Sharing.swift */; };
		A788598C1C40B07C001F013A /* SharingRoutes.swift in Sources */ = {isa = PBXBuildFile; fileRef = A788597A1C40B07C001F013A /* SharingRoutes.swift */; };
		A788598D1C40B07C001F013A /* Team.swift in Sources */ = {isa = PBXBuildFile; fileRef = A788597C1C40B07C001F013A /* Team.swift */; };
		A788598E1C40B07C001F013A /* Users.swift in Sources */ = {isa = PBXBuildFile; fileRef = A788597D1C40B07C001F013A /* Users.swift */; };
		A788598F1C40B07C001F013A /* UsersRoutes.swift in Sources */ = {isa = PBXBuildFile; fileRef = A788597E1C40B07C001F013A /* UsersRoutes.swift */; };
		A78859981C428F48001F013A /* DropboxConnectController.swift in Sources */ = {isa = PBXBuildFile; fileRef = A78859971C428F48001F013A /* DropboxConnectController.swift */; };
		A78859A01C4297DD001F013A /* AppDelegate.swift in Sources */ = {isa = PBXBuildFile; fileRef = A788599F1C4297DD001F013A /* AppDelegate.swift */; };
		A78859A21C4297DD001F013A /* ViewController.swift in Sources */ = {isa = PBXBuildFile; fileRef = A78859A11C4297DD001F013A /* ViewController.swift */; };
		A78859A51C4297DD001F013A /* Main.storyboard in Resources */ = {isa = PBXBuildFile; fileRef = A78859A31C4297DD001F013A /* Main.storyboard */; };
		A78859A71C4297DD001F013A /* Assets.xcassets in Resources */ = {isa = PBXBuildFile; fileRef = A78859A61C4297DD001F013A /* Assets.xcassets */; };
		A78859AA1C4297DD001F013A /* LaunchScreen.storyboard in Resources */ = {isa = PBXBuildFile; fileRef = A78859A81C4297DD001F013A /* LaunchScreen.storyboard */; };
		A78859BD1C4297F3001F013A /* Team.swift in Sources */ = {isa = PBXBuildFile; fileRef = A788597C1C40B07C001F013A /* Team.swift */; };
		A78859BE1C4297F3001F013A /* Users.swift in Sources */ = {isa = PBXBuildFile; fileRef = A788597D1C40B07C001F013A /* Users.swift */; };
		A78859BF1C4297F3001F013A /* UsersRoutes.swift in Sources */ = {isa = PBXBuildFile; fileRef = A788597E1C40B07C001F013A /* UsersRoutes.swift */; };
		A78859C01C4297F3001F013A /* DropboxConnectController.swift in Sources */ = {isa = PBXBuildFile; fileRef = A78859971C428F48001F013A /* DropboxConnectController.swift */; };
		A78859C11C4297F9001F013A /* SecurityUtil.m in Sources */ = {isa = PBXBuildFile; fileRef = A78859781C40B07C001F013A /* SecurityUtil.m */; };
		A78859C21C4297F9001F013A /* Sharing.swift in Sources */ = {isa = PBXBuildFile; fileRef = A78859791C40B07C001F013A /* Sharing.swift */; };
		A78859C31C4297F9001F013A /* SharingRoutes.swift in Sources */ = {isa = PBXBuildFile; fileRef = A788597A1C40B07C001F013A /* SharingRoutes.swift */; };
		A78859C41C4297FD001F013A /* Async.swift in Sources */ = {isa = PBXBuildFile; fileRef = A788596C1C40B07C001F013A /* Async.swift */; };
		A78859C51C4297FD001F013A /* Auth.swift in Sources */ = {isa = PBXBuildFile; fileRef = A788596D1C40B07C001F013A /* Auth.swift */; };
		A78859C61C4297FD001F013A /* BabelSerializers.swift in Sources */ = {isa = PBXBuildFile; fileRef = A788596E1C40B07C001F013A /* BabelSerializers.swift */; };
		A78859C71C4297FD001F013A /* BabelValidators.swift in Sources */ = {isa = PBXBuildFile; fileRef = A788596F1C40B07C001F013A /* BabelValidators.swift */; };
		A78859C81C4297FD001F013A /* Client.swift in Sources */ = {isa = PBXBuildFile; fileRef = A78859701C40B07C001F013A /* Client.swift */; };
		A78859C91C4297FD001F013A /* DropboxClient.swift in Sources */ = {isa = PBXBuildFile; fileRef = A78859711C40B07C001F013A /* DropboxClient.swift */; };
		A78859CA1C4297FD001F013A /* DropboxUtil.swift in Sources */ = {isa = PBXBuildFile; fileRef = A78859721C40B07C001F013A /* DropboxUtil.swift */; };
		A78859CB1C4297FD001F013A /* Files.swift in Sources */ = {isa = PBXBuildFile; fileRef = A78859731C40B07C001F013A /* Files.swift */; };
		A78859CC1C4297FD001F013A /* FilesRoutes.swift in Sources */ = {isa = PBXBuildFile; fileRef = A78859741C40B07C001F013A /* FilesRoutes.swift */; };
		A78859CD1C4297FD001F013A /* Info.plist in Resources */ = {isa = PBXBuildFile; fileRef = A78859751C40B07C001F013A /* Info.plist */; };
		A78859CE1C4297FD001F013A /* PlatformSpecificExtensions.swift in Sources */ = {isa = PBXBuildFile; fileRef = A78859761C40B07C001F013A /* PlatformSpecificExtensions.swift */; };
		A78859D61C429944001F013A /* Alamofire.framework in Frameworks */ = {isa = PBXBuildFile; fileRef = A78859D11C4298B7001F013A /* Alamofire.framework */; };
		A78859D71C429944001F013A /* Alamofire.framework in Embed Frameworks */ = {isa = PBXBuildFile; fileRef = A78859D11C4298B7001F013A /* Alamofire.framework */; settings = {ATTRIBUTES = (CodeSignOnCopy, RemoveHeadersOnCopy, ); }; };
		A78859D91C429951001F013A /* Alamofire.framework in Frameworks */ = {isa = PBXBuildFile; fileRef = A78859D31C4298B7001F013A /* Alamofire.framework */; };
		A78859DA1C429951001F013A /* Alamofire.framework in Embed Frameworks */ = {isa = PBXBuildFile; fileRef = A78859D31C4298B7001F013A /* Alamofire.framework */; settings = {ATTRIBUTES = (CodeSignOnCopy, RemoveHeadersOnCopy, ); }; };
		A78C3D661C5543DF00F7B3CE /* BrowserAuth.swift in Sources */ = {isa = PBXBuildFile; fileRef = A78C3D651C5543DF00F7B3CE /* BrowserAuth.swift */; };
		A78C3D671C5545EE00F7B3CE /* BrowserAuth.swift in Sources */ = {isa = PBXBuildFile; fileRef = A78C3D651C5543DF00F7B3CE /* BrowserAuth.swift */; };
/* End PBXBuildFile section */

/* Begin PBXCopyFilesBuildPhase section */
		A78859D81C429944001F013A /* Embed Frameworks */ = {
			isa = PBXCopyFilesBuildPhase;
			buildActionMask = 2147483647;
			dstPath = "";
			dstSubfolderSpec = 10;
			files = (
				A78859D71C429944001F013A /* Alamofire.framework in Embed Frameworks */,
			);
			name = "Embed Frameworks";
			runOnlyForDeploymentPostprocessing = 0;
		};
		A78859DB1C429951001F013A /* Embed Frameworks */ = {
			isa = PBXCopyFilesBuildPhase;
			buildActionMask = 2147483647;
			dstPath = "";
			dstSubfolderSpec = 10;
			files = (
				A78859DA1C429951001F013A /* Alamofire.framework in Embed Frameworks */,
			);
			name = "Embed Frameworks";
			runOnlyForDeploymentPostprocessing = 0;
		};
/* End PBXCopyFilesBuildPhase section */

/* Begin PBXFileReference section */
		A72811991C406F7600C144E9 /* SwiftyDropbox.app */ = {isa = PBXFileReference; explicitFileType = wrapper.application; includeInIndex = 0; path = SwiftyDropbox.app; sourceTree = BUILT_PRODUCTS_DIR; };
		A728119C1C406F7600C144E9 /* AppDelegate.swift */ = {isa = PBXFileReference; lastKnownFileType = sourcecode.swift; path = AppDelegate.swift; sourceTree = "<group>"; };
		A728119E1C406F7600C144E9 /* ViewController.swift */ = {isa = PBXFileReference; lastKnownFileType = sourcecode.swift; path = ViewController.swift; sourceTree = "<group>"; };
		A72811A01C406F7600C144E9 /* Assets.xcassets */ = {isa = PBXFileReference; lastKnownFileType = folder.assetcatalog; path = Assets.xcassets; sourceTree = "<group>"; };
		A72811A31C406F7700C144E9 /* Base */ = {isa = PBXFileReference; lastKnownFileType = file.storyboard; name = Base; path = Base.lproj/Main.storyboard; sourceTree = "<group>"; };
		A72811A51C406F7700C144E9 /* Info.plist */ = {isa = PBXFileReference; lastKnownFileType = text.plist.xml; path = Info.plist; sourceTree = "<group>"; };
		A72811E41C409E5C00C144E9 /* ArrayToCountTransformer.swift */ = {isa = PBXFileReference; fileEncoding = 4; lastKnownFileType = sourcecode.swift; path = ArrayToCountTransformer.swift; sourceTree = "<group>"; };
		A72811EA1C40A3EF00C144E9 /* DropBoxEntry.swift */ = {isa = PBXFileReference; fileEncoding = 4; lastKnownFileType = sourcecode.swift; path = DropBoxEntry.swift; sourceTree = "<group>"; };
		A788596C1C40B07C001F013A /* Async.swift */ = {isa = PBXFileReference; fileEncoding = 4; lastKnownFileType = sourcecode.swift; path = Async.swift; sourceTree = "<group>"; };
		A788596D1C40B07C001F013A /* Auth.swift */ = {isa = PBXFileReference; fileEncoding = 4; lastKnownFileType = sourcecode.swift; path = Auth.swift; sourceTree = "<group>"; };
		A788596E1C40B07C001F013A /* BabelSerializers.swift */ = {isa = PBXFileReference; fileEncoding = 4; lastKnownFileType = sourcecode.swift; path = BabelSerializers.swift; sourceTree = "<group>"; };
		A788596F1C40B07C001F013A /* BabelValidators.swift */ = {isa = PBXFileReference; fileEncoding = 4; lastKnownFileType = sourcecode.swift; path = BabelValidators.swift; sourceTree = "<group>"; };
		A78859701C40B07C001F013A /* Client.swift */ = {isa = PBXFileReference; fileEncoding = 4; lastKnownFileType = sourcecode.swift; path = Client.swift; sourceTree = "<group>"; };
		A78859711C40B07C001F013A /* DropboxClient.swift */ = {isa = PBXFileReference; fileEncoding = 4; lastKnownFileType = sourcecode.swift; path = DropboxClient.swift; sourceTree = "<group>"; };
		A78859721C40B07C001F013A /* DropboxUtil.swift */ = {isa = PBXFileReference; fileEncoding = 4; lastKnownFileType = sourcecode.swift; path = DropboxUtil.swift; sourceTree = "<group>"; };
		A78859731C40B07C001F013A /* Files.swift */ = {isa = PBXFileReference; fileEncoding = 4; lastKnownFileType = sourcecode.swift; path = Files.swift; sourceTree = "<group>"; };
		A78859741C40B07C001F013A /* FilesRoutes.swift */ = {isa = PBXFileReference; fileEncoding = 4; lastKnownFileType = sourcecode.swift; path = FilesRoutes.swift; sourceTree = "<group>"; };
		A78859751C40B07C001F013A /* Info.plist */ = {isa = PBXFileReference; fileEncoding = 4; lastKnownFileType = text.plist.xml; path = Info.plist; sourceTree = "<group>"; };
		A78859761C40B07C001F013A /* PlatformSpecificExtensions.swift */ = {isa = PBXFileReference; fileEncoding = 4; lastKnownFileType = sourcecode.swift; path = PlatformSpecificExtensions.swift; sourceTree = "<group>"; };
		A78859771C40B07C001F013A /* SecurityUtil.h */ = {isa = PBXFileReference; fileEncoding = 4; lastKnownFileType = sourcecode.c.h; path = SecurityUtil.h; sourceTree = "<group>"; };
		A78859781C40B07C001F013A /* SecurityUtil.m */ = {isa = PBXFileReference; fileEncoding = 4; lastKnownFileType = sourcecode.c.objc; path = SecurityUtil.m; sourceTree = "<group>"; };
		A78859791C40B07C001F013A /* Sharing.swift */ = {isa = PBXFileReference; fileEncoding = 4; lastKnownFileType = sourcecode.swift; path = Sharing.swift; sourceTree = "<group>"; };
		A788597A1C40B07C001F013A /* SharingRoutes.swift */ = {isa = PBXFileReference; fileEncoding = 4; lastKnownFileType = sourcecode.swift; path = SharingRoutes.swift; sourceTree = "<group>"; };
		A788597B1C40B07C001F013A /* SwiftyDropbox.h */ = {isa = PBXFileReference; fileEncoding = 4; lastKnownFileType = sourcecode.c.h; path = SwiftyDropbox.h; sourceTree = "<group>"; };
		A788597C1C40B07C001F013A /* Team.swift */ = {isa = PBXFileReference; fileEncoding = 4; lastKnownFileType = sourcecode.swift; path = Team.swift; sourceTree = "<group>"; };
		A788597D1C40B07C001F013A /* Users.swift */ = {isa = PBXFileReference; fileEncoding = 4; lastKnownFileType = sourcecode.swift; path = Users.swift; sourceTree = "<group>"; };
		A788597E1C40B07C001F013A /* UsersRoutes.swift */ = {isa = PBXFileReference; fileEncoding = 4; lastKnownFileType = sourcecode.swift; path = UsersRoutes.swift; sourceTree = "<group>"; };
		A78859931C412F53001F013A /* SwiftyDropbox-BridgingHeader.h */ = {isa = PBXFileReference; lastKnownFileType = sourcecode.c.h; name = "SwiftyDropbox-BridgingHeader.h"; path = "SwiftyDropbox/SwiftyDropbox-BridgingHeader.h"; sourceTree = SOURCE_ROOT; };
		A78859971C428F48001F013A /* DropboxConnectController.swift */ = {isa = PBXFileReference; fileEncoding = 4; lastKnownFileType = sourcecode.swift; path = DropboxConnectController.swift; sourceTree = "<group>"; };
		A788599D1C4297DD001F013A /* SwiftyDropbox-iOS.app */ = {isa = PBXFileReference; explicitFileType = wrapper.application; includeInIndex = 0; path = "SwiftyDropbox-iOS.app"; sourceTree = BUILT_PRODUCTS_DIR; };
		A788599F1C4297DD001F013A /* AppDelegate.swift */ = {isa = PBXFileReference; lastKnownFileType = sourcecode.swift; path = AppDelegate.swift; sourceTree = "<group>"; };
		A78859A11C4297DD001F013A /* ViewController.swift */ = {isa = PBXFileReference; lastKnownFileType = sourcecode.swift; path = ViewController.swift; sourceTree = "<group>"; };
		A78859A41C4297DD001F013A /* Base */ = {isa = PBXFileReference; lastKnownFileType = file.storyboard; name = Base; path = Base.lproj/Main.storyboard; sourceTree = "<group>"; };
		A78859A61C4297DD001F013A /* Assets.xcassets */ = {isa = PBXFileReference; lastKnownFileType = folder.assetcatalog; path = Assets.xcassets; sourceTree = "<group>"; };
		A78859A91C4297DD001F013A /* Base */ = {isa = PBXFileReference; lastKnownFileType = file.storyboard; name = Base; path = Base.lproj/LaunchScreen.storyboard; sourceTree = "<group>"; };
		A78859AB1C4297DD001F013A /* Info.plist */ = {isa = PBXFileReference; lastKnownFileType = text.plist.xml; path = Info.plist; sourceTree = "<group>"; };
		A78859D11C4298B7001F013A /* Alamofire.framework */ = {isa = PBXFileReference; lastKnownFileType = wrapper.framework; path = Alamofire.framework; sourceTree = "<group>"; };
		A78859D31C4298B7001F013A /* Alamofire.framework */ = {isa = PBXFileReference; lastKnownFileType = wrapper.framework; path = Alamofire.framework; sourceTree = "<group>"; };
		A78C3D651C5543DF00F7B3CE /* BrowserAuth.swift */ = {isa = PBXFileReference; fileEncoding = 4; lastKnownFileType = sourcecode.swift; path = BrowserAuth.swift; sourceTree = "<group>"; };
/* End PBXFileReference section */

/* Begin PBXFrameworksBuildPhase section */
		A72811961C406F7600C144E9 /* Frameworks */ = {
			isa = PBXFrameworksBuildPhase;
			buildActionMask = 2147483647;
			files = (
				A78859D91C429951001F013A /* Alamofire.framework in Frameworks */,
			);
			runOnlyForDeploymentPostprocessing = 0;
		};
		A788599A1C4297DD001F013A /* Frameworks */ = {
			isa = PBXFrameworksBuildPhase;
			buildActionMask = 2147483647;
			files = (
				A78859D61C429944001F013A /* Alamofire.framework in Frameworks */,
			);
			runOnlyForDeploymentPostprocessing = 0;
		};
/* End PBXFrameworksBuildPhase section */

/* Begin PBXGroup section */
		2589A0348FCF49BEEF4359FD /* Frameworks */ = {
			isa = PBXGroup;
			children = (
				A78859D01C4298B7001F013A /* ios */,
				A78859D21C4298B7001F013A /* osx */,
			);
			name = Frameworks;
			sourceTree = "<group>";
		};
		A72811901C406F7600C144E9 = {
			isa = PBXGroup;
			children = (
				A788596B1C40B07C001F013A /* Source */,
				A728119B1C406F7600C144E9 /* SwiftyDropbox */,
				A788599E1C4297DD001F013A /* SwiftyDropbox-iOS */,
				A728119A1C406F7600C144E9 /* Products */,
				2589A0348FCF49BEEF4359FD /* Frameworks */,
			);
			sourceTree = "<group>";
		};
		A728119A1C406F7600C144E9 /* Products */ = {
			isa = PBXGroup;
			children = (
				A72811991C406F7600C144E9 /* SwiftyDropbox.app */,
				A788599D1C4297DD001F013A /* SwiftyDropbox-iOS.app */,
			);
			name = Products;
			sourceTree = "<group>";
		};
		A728119B1C406F7600C144E9 /* SwiftyDropbox */ = {
			isa = PBXGroup;
			children = (
				A72811E31C409E4C00C144E9 /* Transformers */,
				A78859931C412F53001F013A /* SwiftyDropbox-BridgingHeader.h */,
				A728119C1C406F7600C144E9 /* AppDelegate.swift */,
				A728119E1C406F7600C144E9 /* ViewController.swift */,
				A72811EA1C40A3EF00C144E9 /* DropBoxEntry.swift */,
				A72811A01C406F7600C144E9 /* Assets.xcassets */,
				A72811A21C406F7700C144E9 /* Main.storyboard */,
				A72811A51C406F7700C144E9 /* Info.plist */,
			);
			path = SwiftyDropbox;
			sourceTree = "<group>";
		};
		A72811E31C409E4C00C144E9 /* Transformers */ = {
			isa = PBXGroup;
			children = (
				A72811E41C409E5C00C144E9 /* ArrayToCountTransformer.swift */,
			);
			path = Transformers;
			sourceTree = "<group>";
		};
		A788596B1C40B07C001F013A /* Source */ = {
			isa = PBXGroup;
			children = (
				A788596C1C40B07C001F013A /* Async.swift */,
				A788596D1C40B07C001F013A /* Auth.swift */,
				A788596E1C40B07C001F013A /* BabelSerializers.swift */,
				A788596F1C40B07C001F013A /* BabelValidators.swift */,
				A78859701C40B07C001F013A /* Client.swift */,
				A78859711C40B07C001F013A /* DropboxClient.swift */,
				A78859721C40B07C001F013A /* DropboxUtil.swift */,
				A78859731C40B07C001F013A /* Files.swift */,
				A78859741C40B07C001F013A /* FilesRoutes.swift */,
				A78859751C40B07C001F013A /* Info.plist */,
				A78859761C40B07C001F013A /* PlatformSpecificExtensions.swift */,
				A78859771C40B07C001F013A /* SecurityUtil.h */,
				A78859781C40B07C001F013A /* SecurityUtil.m */,
				A78859791C40B07C001F013A /* Sharing.swift */,
				A788597A1C40B07C001F013A /* SharingRoutes.swift */,
				A788597B1C40B07C001F013A /* SwiftyDropbox.h */,
				A788597C1C40B07C001F013A /* Team.swift */,
				A788597D1C40B07C001F013A /* Users.swift */,
				A788597E1C40B07C001F013A /* UsersRoutes.swift */,
				A78C3D651C5543DF00F7B3CE /* BrowserAuth.swift */,
				A78859971C428F48001F013A /* DropboxConnectController.swift */,
			);
			path = Source;
			sourceTree = "<group>";
		};
		A788599E1C4297DD001F013A /* SwiftyDropbox-iOS */ = {
			isa = PBXGroup;
			children = (
				A788599F1C4297DD001F013A /* AppDelegate.swift */,
				A78859A11C4297DD001F013A /* ViewController.swift */,
				A78859A31C4297DD001F013A /* Main.storyboard */,
				A78859A61C4297DD001F013A /* Assets.xcassets */,
				A78859A81C4297DD001F013A /* LaunchScreen.storyboard */,
				A78859AB1C4297DD001F013A /* Info.plist */,
			);
			path = "SwiftyDropbox-iOS";
			sourceTree = "<group>";
		};
		A78859D01C4298B7001F013A /* ios */ = {
			isa = PBXGroup;
			children = (
				A78859D11C4298B7001F013A /* Alamofire.framework */,
			);
			name = ios;
			path = Dependencies/ios;
			sourceTree = "<group>";
		};
		A78859D21C4298B7001F013A /* osx */ = {
			isa = PBXGroup;
			children = (
				A78859D31C4298B7001F013A /* Alamofire.framework */,
			);
			name = osx;
			path = Dependencies/osx;
			sourceTree = "<group>";
		};
/* End PBXGroup section */

/* Begin PBXNativeTarget section */
		A72811981C406F7600C144E9 /* SwiftyDropbox */ = {
			isa = PBXNativeTarget;
			buildConfigurationList = A72811B31C406F7700C144E9 /* Build configuration list for PBXNativeTarget "SwiftyDropbox" */;
			buildPhases = (
				A72811951C406F7600C144E9 /* Sources */,
				A72811961C406F7600C144E9 /* Frameworks */,
				A72811971C406F7600C144E9 /* Resources */,
				A78859DB1C429951001F013A /* Embed Frameworks */,
			);
			buildRules = (
			);
			dependencies = (
			);
			name = SwiftyDropbox;
			productName = SwiftyDropbox;
			productReference = A72811991C406F7600C144E9 /* SwiftyDropbox.app */;
			productType = "com.apple.product-type.application";
		};
		A788599C1C4297DD001F013A /* SwiftyDropbox-iOS */ = {
			isa = PBXNativeTarget;
			buildConfigurationList = A78859B71C4297DD001F013A /* Build configuration list for PBXNativeTarget "SwiftyDropbox-iOS" */;
			buildPhases = (
				A78859991C4297DD001F013A /* Sources */,
				A788599A1C4297DD001F013A /* Frameworks */,
				A788599B1C4297DD001F013A /* Resources */,
				A78859D81C429944001F013A /* Embed Frameworks */,
			);
			buildRules = (
			);
			dependencies = (
			);
			name = "SwiftyDropbox-iOS";
			productName = "SwiftyDropbox-iOS";
			productReference = A788599D1C4297DD001F013A /* SwiftyDropbox-iOS.app */;
			productType = "com.apple.product-type.application";
		};
/* End PBXNativeTarget section */

/* Begin PBXProject section */
		A72811911C406F7600C144E9 /* Project object */ = {
			isa = PBXProject;
			attributes = {
				LastSwiftUpdateCheck = 0710;
				LastUpgradeCheck = 0710;
				ORGANIZATIONNAME = Home;
				TargetAttributes = {
					A72811981C406F7600C144E9 = {
						CreatedOnToolsVersion = 7.1;
					};
					A788599C1C4297DD001F013A = {
						CreatedOnToolsVersion = 7.1;
					};
				};
			};
			buildConfigurationList = A72811941C406F7600C144E9 /* Build configuration list for PBXProject "SwiftyDropbox" */;
			compatibilityVersion = "Xcode 3.2";
			developmentRegion = English;
			hasScannedForEncodings = 0;
			knownRegions = (
				en,
				Base,
			);
			mainGroup = A72811901C406F7600C144E9;
			productRefGroup = A728119A1C406F7600C144E9 /* Products */;
			projectDirPath = "";
			projectRoot = "";
			targets = (
				A72811981C406F7600C144E9 /* SwiftyDropbox */,
				A788599C1C4297DD001F013A /* SwiftyDropbox-iOS */,
			);
		};
/* End PBXProject section */

/* Begin PBXResourcesBuildPhase section */
		A72811971C406F7600C144E9 /* Resources */ = {
			isa = PBXResourcesBuildPhase;
			buildActionMask = 2147483647;
			files = (
				A72811A11C406F7600C144E9 /* Assets.xcassets in Resources */,
				A72811A41C406F7700C144E9 /* Main.storyboard in Resources */,
				A78859881C40B07C001F013A /* Info.plist in Resources */,
			);
			runOnlyForDeploymentPostprocessing = 0;
		};
		A788599B1C4297DD001F013A /* Resources */ = {
			isa = PBXResourcesBuildPhase;
			buildActionMask = 2147483647;
			files = (
				A78859CD1C4297FD001F013A /* Info.plist in Resources */,
				A78859AA1C4297DD001F013A /* LaunchScreen.storyboard in Resources */,
				A78859A71C4297DD001F013A /* Assets.xcassets in Resources */,
				A78859A51C4297DD001F013A /* Main.storyboard in Resources */,
			);
			runOnlyForDeploymentPostprocessing = 0;
		};
/* End PBXResourcesBuildPhase section */

/* Begin PBXSourcesBuildPhase section */
		A72811951C406F7600C144E9 /* Sources */ = {
			isa = PBXSourcesBuildPhase;
			buildActionMask = 2147483647;
			files = (
				A788598D1C40B07C001F013A /* Team.swift in Sources */,
				A728119F1C406F7600C144E9 /* ViewController.swift in Sources */,
				A78859981C428F48001F013A /* DropboxConnectController.swift in Sources */,
				A78859811C40B07C001F013A /* BabelSerializers.swift in Sources */,
				A78859871C40B07C001F013A /* FilesRoutes.swift in Sources */,
				A72811EB1C40A3EF00C144E9 /* DropBoxEntry.swift in Sources */,
				A78C3D661C5543DF00F7B3CE /* BrowserAuth.swift in Sources */,
				A788598E1C40B07C001F013A /* Users.swift in Sources */,
				A788598B1C40B07C001F013A /* Sharing.swift in Sources */,
				A78859851C40B07C001F013A /* DropboxUtil.swift in Sources */,
				A788598F1C40B07C001F013A /* UsersRoutes.swift in Sources */,
				A78859841C40B07C001F013A /* DropboxClient.swift in Sources */,
				A78859891C40B07C001F013A /* PlatformSpecificExtensions.swift in Sources */,
				A78859861C40B07C001F013A /* Files.swift in Sources */,
				A72811E51C409E5C00C144E9 /* ArrayToCountTransformer.swift in Sources */,
				A788598C1C40B07C001F013A /* SharingRoutes.swift in Sources */,
				A788597F1C40B07C001F013A /* Async.swift in Sources */,
				A728119D1C406F7600C144E9 /* AppDelegate.swift in Sources */,
				A78859801C40B07C001F013A /* Auth.swift in Sources */,
				A78859821C40B07C001F013A /* BabelValidators.swift in Sources */,
				A788598A1C40B07C001F013A /* SecurityUtil.m in Sources */,
				A78859831C40B07C001F013A /* Client.swift in Sources */,
			);
			runOnlyForDeploymentPostprocessing = 0;
		};
		A78859991C4297DD001F013A /* Sources */ = {
			isa = PBXSourcesBuildPhase;
			buildActionMask = 2147483647;
			files = (
				A78859C61C4297FD001F013A /* BabelSerializers.swift in Sources */,
				A78859CC1C4297FD001F013A /* FilesRoutes.swift in Sources */,
				A78859BE1C4297F3001F013A /* Users.swift in Sources */,
				A78859C31C4297F9001F013A /* SharingRoutes.swift in Sources */,
				A78859C91C4297FD001F013A /* DropboxClient.swift in Sources */,
				A78859BD1C4297F3001F013A /* Team.swift in Sources */,
				A78859A21C4297DD001F013A /* ViewController.swift in Sources */,
				A78859C11C4297F9001F013A /* SecurityUtil.m in Sources */,
				A78859C21C4297F9001F013A /* Sharing.swift in Sources */,
				A78859CA1C4297FD001F013A /* DropboxUtil.swift in Sources */,
				A78859C71C4297FD001F013A /* BabelValidators.swift in Sources */,
				A78859CB1C4297FD001F013A /* Files.swift in Sources */,
				A78859C81C4297FD001F013A /* Client.swift in Sources */,
				A78859C51C4297FD001F013A /* Auth.swift in Sources */,
				A78859BF1C4297F3001F013A /* UsersRoutes.swift in Sources */,
				A78859CE1C4297FD001F013A /* PlatformSpecificExtensions.swift in Sources */,
				A78859A01C4297DD001F013A /* AppDelegate.swift in Sources */,
				A78859C41C4297FD001F013A /* Async.swift in Sources */,
				A78C3D671C5545EE00F7B3CE /* BrowserAuth.swift in Sources */,
				A78859C01C4297F3001F013A /* DropboxConnectController.swift in Sources */,
			);
			runOnlyForDeploymentPostprocessing = 0;
		};
/* End PBXSourcesBuildPhase section */

/* Begin PBXVariantGroup section */
		A72811A21C406F7700C144E9 /* Main.storyboard */ = {
			isa = PBXVariantGroup;
			children = (
				A72811A31C406F7700C144E9 /* Base */,
			);
			name = Main.storyboard;
			sourceTree = "<group>";
		};
		A78859A31C4297DD001F013A /* Main.storyboard */ = {
			isa = PBXVariantGroup;
			children = (
				A78859A41C4297DD001F013A /* Base */,
			);
			name = Main.storyboard;
			sourceTree = "<group>";
		};
		A78859A81C4297DD001F013A /* LaunchScreen.storyboard */ = {
			isa = PBXVariantGroup;
			children = (
				A78859A91C4297DD001F013A /* Base */,
			);
			name = LaunchScreen.storyboard;
			sourceTree = "<group>";
		};
/* End PBXVariantGroup section */

/* Begin XCBuildConfiguration section */
		A72811B11C406F7700C144E9 /* Debug */ = {
			isa = XCBuildConfiguration;
			buildSettings = {
				ALWAYS_SEARCH_USER_PATHS = NO;
				CLANG_CXX_LANGUAGE_STANDARD = "gnu++0x";
				CLANG_CXX_LIBRARY = "libc++";
				CLANG_ENABLE_MODULES = YES;
				CLANG_ENABLE_OBJC_ARC = YES;
				CLANG_WARN_BOOL_CONVERSION = YES;
				CLANG_WARN_CONSTANT_CONVERSION = YES;
				CLANG_WARN_DIRECT_OBJC_ISA_USAGE = YES_ERROR;
				CLANG_WARN_EMPTY_BODY = YES;
				CLANG_WARN_ENUM_CONVERSION = YES;
				CLANG_WARN_INT_CONVERSION = YES;
				CLANG_WARN_OBJC_ROOT_CLASS = YES_ERROR;
				CLANG_WARN_UNREACHABLE_CODE = YES;
				CLANG_WARN__DUPLICATE_METHOD_MATCH = YES;
				CODE_SIGN_IDENTITY = "-";
				COPY_PHASE_STRIP = NO;
				DEBUG_INFORMATION_FORMAT = dwarf;
				ENABLE_STRICT_OBJC_MSGSEND = YES;
				ENABLE_TESTABILITY = YES;
				GCC_C_LANGUAGE_STANDARD = gnu99;
				GCC_DYNAMIC_NO_PIC = NO;
				GCC_NO_COMMON_BLOCKS = YES;
				GCC_OPTIMIZATION_LEVEL = 0;
				GCC_PREPROCESSOR_DEFINITIONS = (
					"DEBUG=1",
					"$(inherited)",
				);
				GCC_WARN_64_TO_32_BIT_CONVERSION = YES;
				GCC_WARN_ABOUT_RETURN_TYPE = YES_ERROR;
				GCC_WARN_UNDECLARED_SELECTOR = YES;
				GCC_WARN_UNINITIALIZED_AUTOS = YES_AGGRESSIVE;
				GCC_WARN_UNUSED_FUNCTION = YES;
				GCC_WARN_UNUSED_VARIABLE = YES;
				MACOSX_DEPLOYMENT_TARGET = 10.11;
				MTL_ENABLE_DEBUG_INFO = YES;
				ONLY_ACTIVE_ARCH = YES;
				SDKROOT = macosx;
				SWIFT_OPTIMIZATION_LEVEL = "-Onone";
			};
			name = Debug;
		};
		A72811B21C406F7700C144E9 /* Release */ = {
			isa = XCBuildConfiguration;
			buildSettings = {
				ALWAYS_SEARCH_USER_PATHS = NO;
				CLANG_CXX_LANGUAGE_STANDARD = "gnu++0x";
				CLANG_CXX_LIBRARY = "libc++";
				CLANG_ENABLE_MODULES = YES;
				CLANG_ENABLE_OBJC_ARC = YES;
				CLANG_WARN_BOOL_CONVERSION = YES;
				CLANG_WARN_CONSTANT_CONVERSION = YES;
				CLANG_WARN_DIRECT_OBJC_ISA_USAGE = YES_ERROR;
				CLANG_WARN_EMPTY_BODY = YES;
				CLANG_WARN_ENUM_CONVERSION = YES;
				CLANG_WARN_INT_CONVERSION = YES;
				CLANG_WARN_OBJC_ROOT_CLASS = YES_ERROR;
				CLANG_WARN_UNREACHABLE_CODE = YES;
				CLANG_WARN__DUPLICATE_METHOD_MATCH = YES;
				CODE_SIGN_IDENTITY = "-";
				COPY_PHASE_STRIP = NO;
				DEBUG_INFORMATION_FORMAT = "dwarf-with-dsym";
				ENABLE_NS_ASSERTIONS = NO;
				ENABLE_STRICT_OBJC_MSGSEND = YES;
				GCC_C_LANGUAGE_STANDARD = gnu99;
				GCC_NO_COMMON_BLOCKS = YES;
				GCC_WARN_64_TO_32_BIT_CONVERSION = YES;
				GCC_WARN_ABOUT_RETURN_TYPE = YES_ERROR;
				GCC_WARN_UNDECLARED_SELECTOR = YES;
				GCC_WARN_UNINITIALIZED_AUTOS = YES_AGGRESSIVE;
				GCC_WARN_UNUSED_FUNCTION = YES;
				GCC_WARN_UNUSED_VARIABLE = YES;
				MACOSX_DEPLOYMENT_TARGET = 10.11;
				MTL_ENABLE_DEBUG_INFO = NO;
				SDKROOT = macosx;
			};
			name = Release;
		};
		A72811B41C406F7700C144E9 /* Debug */ = {
			isa = XCBuildConfiguration;
			buildSettings = {
				ASSETCATALOG_COMPILER_APPICON_NAME = AppIcon;
				COMBINE_HIDPI_IMAGES = YES;
				FRAMEWORK_SEARCH_PATHS = (
					"$(inherited)",
					"$(PROJECT_DIR)/Dependencies",
					"$(PROJECT_DIR)/Dependencies/osx",
				);
				INFOPLIST_FILE = SwiftyDropbox/Info.plist;
				LD_RUNPATH_SEARCH_PATHS = "$(inherited) @executable_path/../Frameworks";
				PRODUCT_BUNDLE_IDENTIFIER = com.home.flashCloudInstaller.SwiftyDropbox;
				PRODUCT_NAME = "$(TARGET_NAME)";
				SWIFT_OBJC_BRIDGING_HEADER = "SwiftyDropbox/SwiftyDropbox-BridgingHeader.h";
			};
			name = Debug;
		};
		A72811B51C406F7700C144E9 /* Release */ = {
			isa = XCBuildConfiguration;
			buildSettings = {
				ASSETCATALOG_COMPILER_APPICON_NAME = AppIcon;
				COMBINE_HIDPI_IMAGES = YES;
				FRAMEWORK_SEARCH_PATHS = (
					"$(inherited)",
					"$(PROJECT_DIR)/Dependencies",
					"$(PROJECT_DIR)/Dependencies/osx",
				);
				INFOPLIST_FILE = SwiftyDropbox/Info.plist;
				LD_RUNPATH_SEARCH_PATHS = "$(inherited) @executable_path/../Frameworks";
				PRODUCT_BUNDLE_IDENTIFIER = com.home.flashCloudInstaller.SwiftyDropbox;
				PRODUCT_NAME = "$(TARGET_NAME)";
				SWIFT_OBJC_BRIDGING_HEADER = "SwiftyDropbox/SwiftyDropbox-BridgingHeader.h";
			};
			name = Release;
		};
		A78859B81C4297DD001F013A /* Debug */ = {
			isa = XCBuildConfiguration;
			buildSettings = {
				ASSETCATALOG_COMPILER_APPICON_NAME = AppIcon;
				"CODE_SIGN_IDENTITY[sdk=iphoneos*]" = "iPhone Developer";
				FRAMEWORK_SEARCH_PATHS = (
					"$(inherited)",
					"$(PROJECT_DIR)/Dependencies",
					"$(PROJECT_DIR)/Dependencies/ios",
				);
				INFOPLIST_FILE = "SwiftyDropbox-iOS/Info.plist";
				IPHONEOS_DEPLOYMENT_TARGET = 9.1;
				LD_RUNPATH_SEARCH_PATHS = "$(inherited) @executable_path/Frameworks";
				PRODUCT_BUNDLE_IDENTIFIER = "com.home.swiftyexampleios.SwiftyDropbox-iOS";
				PRODUCT_NAME = "$(TARGET_NAME)";
				SDKROOT = iphoneos;
				SWIFT_OBJC_BRIDGING_HEADER = "SwiftyDropbox/SwiftyDropbox-BridgingHeader.h";
				TARGETED_DEVICE_FAMILY = "1,2";
			};
			name = Debug;
		};
		A78859B91C4297DD001F013A /* Release */ = {
			isa = XCBuildConfiguration;
			buildSettings = {
				ASSETCATALOG_COMPILER_APPICON_NAME = AppIcon;
				"CODE_SIGN_IDENTITY[sdk=iphoneos*]" = "iPhone Developer";
				FRAMEWORK_SEARCH_PATHS = (
					"$(inherited)",
					"$(PROJECT_DIR)/Dependencies",
					"$(PROJECT_DIR)/Dependencies/ios",
				);
				INFOPLIST_FILE = "SwiftyDropbox-iOS/Info.plist";
				IPHONEOS_DEPLOYMENT_TARGET = 9.1;
				LD_RUNPATH_SEARCH_PATHS = "$(inherited) @executable_path/Frameworks";
				PRODUCT_BUNDLE_IDENTIFIER = "com.home.swiftyexampleios.SwiftyDropbox-iOS";
				PRODUCT_NAME = "$(TARGET_NAME)";
				SDKROOT = iphoneos;
				SWIFT_OBJC_BRIDGING_HEADER = "SwiftyDropbox/SwiftyDropbox-BridgingHeader.h";
				TARGETED_DEVICE_FAMILY = "1,2";
				VALIDATE_PRODUCT = YES;
			};
			name = Release;
		};
/* End XCBuildConfiguration section */

/* Begin XCConfigurationList section */
		A72811941C406F7600C144E9 /* Build configuration list for PBXProject "SwiftyDropbox" */ = {
			isa = XCConfigurationList;
			buildConfigurations = (
				A72811B11C406F7700C144E9 /* Debug */,
				A72811B21C406F7700C144E9 /* Release */,
			);
			defaultConfigurationIsVisible = 0;
			defaultConfigurationName = Release;
		};
		A72811B31C406F7700C144E9 /* Build configuration list for PBXNativeTarget "SwiftyDropbox" */ = {
			isa = XCConfigurationList;
			buildConfigurations = (
				A72811B41C406F7700C144E9 /* Debug */,
				A72811B51C406F7700C144E9 /* Release */,
			);
			defaultConfigurationIsVisible = 0;
			defaultConfigurationName = Release;
		};
		A78859B71C4297DD001F013A /* Build configuration list for PBXNativeTarget "SwiftyDropbox-iOS" */ = {
			isa = XCConfigurationList;
			buildConfigurations = (
				A78859B81C4297DD001F013A /* Debug */,
				A78859B91C4297DD001F013A /* Release */,
			);
			defaultConfigurationIsVisible = 0;
			defaultConfigurationName = Release;
		};
/* End XCConfigurationList section */
	};
	rootObject = A72811911C406F7600C144E9 /* Project object */;
}
